
Microsoft Visual Studio Solution File, Format Version 12.00
# Visual Studio Version 16
VisualStudioVersion = 16.0.30320.27
MinimumVisualStudioVersion = 10.0.40219.1
Project("{FAE04EC0-301F-11D3-BF4B-00C04F79EFBC}") = "PharmacyProject", "PharmacyProject\PharmacyProject.csproj", "{6AD5593A-6AAB-4C2D-8501-A2825448EF5F}"
EndProject
Global
	GlobalSection(SolutionConfigurationPlatforms) = preSolution
		Debug|Any CPU = Debug|Any CPU
		Release|Any CPU = Release|Any CPU
	EndGlobalSection
	GlobalSection(ProjectConfigurationPlatforms) = postSolution
		{6AD5593A-6AAB-4C2D-8501-A2825448EF5F}.Debug|Any CPU.ActiveCfg = Debug|Any CPU
		{6AD5593A-6AAB-4C2D-8501-A2825448EF5F}.Debug|Any CPU.Build.0 = Debug|Any CPU
		{6AD5593A-6AAB-4C2D-8501-A2825448EF5F}.Release|Any CPU.ActiveCfg = Release|Any CPU
		{6AD5593A-6AAB-4C2D-8501-A2825448EF5F}.Release|Any CPU.Build.0 = Release|Any CPU
	EndGlobalSection
	GlobalSection(SolutionProperties) = preSolution
		HideSolutionNode = FALSE
	EndGlobalSection
	GlobalSection(ExtensibilityGlobals) = postSolution
		SolutionGuid = {1375F35E-E1C9-46DD-A0DD-058FC8EEB296}
	EndGlobalSection
EndGlobal
